// !$*UTF8*$!
{
	archiveVersion = 1;
	classes = {
	};
	objectVersion = 56;
	objects = {

/* Begin PBXBuildFile section */
		B4CE7A8F2A3FF89300B2E5FD /* WathcListMovieApp.swift in Sources */ = {isa = PBXBuildFile; fileRef = B4CE7A8E2A3FF89300B2E5FD /* WathcListMovieApp.swift */; };
		B4CE7A912A3FF89300B2E5FD /* MovieListView.swift in Sources */ = {isa = PBXBuildFile; fileRef = B4CE7A902A3FF89300B2E5FD /* MovieListView.swift */; };
		B4CE7A932A3FF89400B2E5FD /* Assets.xcassets in Resources */ = {isa = PBXBuildFile; fileRef = B4CE7A922A3FF89400B2E5FD /* Assets.xcassets */; };
		B4CE7A962A3FF89400B2E5FD /* Preview Assets.xcassets in Resources */ = {isa = PBXBuildFile; fileRef = B4CE7A952A3FF89400B2E5FD /* Preview Assets.xcassets */; };
		B4CE7AA02A3FF89400B2E5FD /* WathcListMovieTests.swift in Sources */ = {isa = PBXBuildFile; fileRef = B4CE7A9F2A3FF89400B2E5FD /* WathcListMovieTests.swift */; };
		B4CE7AAA2A3FF89400B2E5FD /* WathcListMovieUITests.swift in Sources */ = {isa = PBXBuildFile; fileRef = B4CE7AA92A3FF89400B2E5FD /* WathcListMovieUITests.swift */; };
		B4CE7AAC2A3FF89400B2E5FD /* WathcListMovieUITestsLaunchTests.swift in Sources */ = {isa = PBXBuildFile; fileRef = B4CE7AAB2A3FF89400B2E5FD /* WathcListMovieUITestsLaunchTests.swift */; };
		B4CE7AB92A3FFBC700B2E5FD /* MovieListViewModel.swift in Sources */ = {isa = PBXBuildFile; fileRef = B4CE7AB82A3FFBC700B2E5FD /* MovieListViewModel.swift */; };
		B4CE7ABB2A3FFC1300B2E5FD /* Movie.swift in Sources */ = {isa = PBXBuildFile; fileRef = B4CE7ABA2A3FFC1300B2E5FD /* Movie.swift */; };
		B4CE7ABD2A3FFD2000B2E5FD /* Date+Extensions.swift in Sources */ = {isa = PBXBuildFile; fileRef = B4CE7ABC2A3FFD2000B2E5FD /* Date+Extensions.swift */; };
		B4CE7ABF2A40036900B2E5FD /* MovieCell.swift in Sources */ = {isa = PBXBuildFile; fileRef = B4CE7ABE2A40036900B2E5FD /* MovieCell.swift */; };
		B4CE7AC12A400B1800B2E5FD /* SortType.swift in Sources */ = {isa = PBXBuildFile; fileRef = B4CE7AC02A400B1800B2E5FD /* SortType.swift */; };
		B4CE7AC32A41476100B2E5FD /* MovieDetailView.swift in Sources */ = {isa = PBXBuildFile; fileRef = B4CE7AC22A41476100B2E5FD /* MovieDetailView.swift */; };
		B4CE7AC52A414E7D00B2E5FD /* Double+Extensions.swift in Sources */ = {isa = PBXBuildFile; fileRef = B4CE7AC42A414E7D00B2E5FD /* Double+Extensions.swift */; };
		B4CE7AC72A41551100B2E5FD /* MovieDetailViewModel.swift in Sources */ = {isa = PBXBuildFile; fileRef = B4CE7AC62A41551100B2E5FD /* MovieDetailViewModel.swift */; };
/* End PBXBuildFile section */

/* Begin PBXContainerItemProxy section */
		B4CE7A9C2A3FF89400B2E5FD /* PBXContainerItemProxy */ = {
			isa = PBXContainerItemProxy;
			containerPortal = B4CE7A832A3FF89300B2E5FD /* Project object */;
			proxyType = 1;
			remoteGlobalIDString = B4CE7A8A2A3FF89300B2E5FD;
			remoteInfo = WathcListMovie;
		};
		B4CE7AA62A3FF89400B2E5FD /* PBXContainerItemProxy */ = {
			isa = PBXContainerItemProxy;
			containerPortal = B4CE7A832A3FF89300B2E5FD /* Project object */;
			proxyType = 1;
			remoteGlobalIDString = B4CE7A8A2A3FF89300B2E5FD;
			remoteInfo = WathcListMovie;
		};
/* End PBXContainerItemProxy section */

/* Begin PBXFileReference section */
		B4CE7A8B2A3FF89300B2E5FD /* WathcListMovie.app */ = {isa = PBXFileReference; explicitFileType = wrapper.application; includeInIndex = 0; path = WathcListMovie.app; sourceTree = BUILT_PRODUCTS_DIR; };
		B4CE7A8E2A3FF89300B2E5FD /* WathcListMovieApp.swift */ = {isa = PBXFileReference; lastKnownFileType = sourcecode.swift; path = WathcListMovieApp.swift; sourceTree = "<group>"; };
		B4CE7A902A3FF89300B2E5FD /* MovieListView.swift */ = {isa = PBXFileReference; lastKnownFileType = sourcecode.swift; path = MovieListView.swift; sourceTree = "<group>"; };
		B4CE7A922A3FF89400B2E5FD /* Assets.xcassets */ = {isa = PBXFileReference; lastKnownFileType = folder.assetcatalog; path = Assets.xcassets; sourceTree = "<group>"; };
		B4CE7A952A3FF89400B2E5FD /* Preview Assets.xcassets */ = {isa = PBXFileReference; lastKnownFileType = folder.assetcatalog; path = "Preview Assets.xcassets"; sourceTree = "<group>"; };
		B4CE7A9B2A3FF89400B2E5FD /* WathcListMovieTests.xctest */ = {isa = PBXFileReference; explicitFileType = wrapper.cfbundle; includeInIndex = 0; path = WathcListMovieTests.xctest; sourceTree = BUILT_PRODUCTS_DIR; };
		B4CE7A9F2A3FF89400B2E5FD /* WathcListMovieTests.swift */ = {isa = PBXFileReference; lastKnownFileType = sourcecode.swift; path = WathcListMovieTests.swift; sourceTree = "<group>"; };
		B4CE7AA52A3FF89400B2E5FD /* WathcListMovieUITests.xctest */ = {isa = PBXFileReference; explicitFileType = wrapper.cfbundle; includeInIndex = 0; path = WathcListMovieUITests.xctest; sourceTree = BUILT_PRODUCTS_DIR; };
		B4CE7AA92A3FF89400B2E5FD /* WathcListMovieUITests.swift */ = {isa = PBXFileReference; lastKnownFileType = sourcecode.swift; path = WathcListMovieUITests.swift; sourceTree = "<group>"; };
		B4CE7AAB2A3FF89400B2E5FD /* WathcListMovieUITestsLaunchTests.swift */ = {isa = PBXFileReference; lastKnownFileType = sourcecode.swift; path = WathcListMovieUITestsLaunchTests.swift; sourceTree = "<group>"; };
		B4CE7AB82A3FFBC700B2E5FD /* MovieListViewModel.swift */ = {isa = PBXFileReference; lastKnownFileType = sourcecode.swift; path = MovieListViewModel.swift; sourceTree = "<group>"; };
		B4CE7ABA2A3FFC1300B2E5FD /* Movie.swift */ = {isa = PBXFileReference; lastKnownFileType = sourcecode.swift; path = Movie.swift; sourceTree = "<group>"; };
		B4CE7ABC2A3FFD2000B2E5FD /* Date+Extensions.swift */ = {isa = PBXFileReference; lastKnownFileType = sourcecode.swift; path = "Date+Extensions.swift"; sourceTree = "<group>"; };
		B4CE7ABE2A40036900B2E5FD /* MovieCell.swift */ = {isa = PBXFileReference; lastKnownFileType = sourcecode.swift; path = MovieCell.swift; sourceTree = "<group>"; };
		B4CE7AC02A400B1800B2E5FD /* SortType.swift */ = {isa = PBXFileReference; lastKnownFileType = sourcecode.swift; path = SortType.swift; sourceTree = "<group>"; };
		B4CE7AC22A41476100B2E5FD /* MovieDetailView.swift */ = {isa = PBXFileReference; lastKnownFileType = sourcecode.swift; path = MovieDetailView.swift; sourceTree = "<group>"; };
		B4CE7AC42A414E7D00B2E5FD /* Double+Extensions.swift */ = {isa = PBXFileReference; lastKnownFileType = sourcecode.swift; path = "Double+Extensions.swift"; sourceTree = "<group>"; };
		B4CE7AC62A41551100B2E5FD /* MovieDetailViewModel.swift */ = {isa = PBXFileReference; lastKnownFileType = sourcecode.swift; path = MovieDetailViewModel.swift; sourceTree = "<group>"; };
/* End PBXFileReference section */

/* Begin PBXFrameworksBuildPhase section */
		B4CE7A882A3FF89300B2E5FD /* Frameworks */ = {
			isa = PBXFrameworksBuildPhase;
			buildActionMask = 2147483647;
			files = (
			);
			runOnlyForDeploymentPostprocessing = 0;
		};
		B4CE7A982A3FF89400B2E5FD /* Frameworks */ = {
			isa = PBXFrameworksBuildPhase;
			buildActionMask = 2147483647;
			files = (
			);
			runOnlyForDeploymentPostprocessing = 0;
		};
		B4CE7AA22A3FF89400B2E5FD /* Frameworks */ = {
			isa = PBXFrameworksBuildPhase;
			buildActionMask = 2147483647;
			files = (
			);
			runOnlyForDeploymentPostprocessing = 0;
		};
/* End PBXFrameworksBuildPhase section */

/* Begin PBXGroup section */
		B4CE7A822A3FF89300B2E5FD = {
			isa = PBXGroup;
			children = (
				B4CE7A8D2A3FF89300B2E5FD /* WathcListMovie */,
				B4CE7A9E2A3FF89400B2E5FD /* WathcListMovieTests */,
				B4CE7AA82A3FF89400B2E5FD /* WathcListMovieUITests */,
				B4CE7A8C2A3FF89300B2E5FD /* Products */,
			);
			sourceTree = "<group>";
		};
		B4CE7A8C2A3FF89300B2E5FD /* Products */ = {
			isa = PBXGroup;
			children = (
				B4CE7A8B2A3FF89300B2E5FD /* WathcListMovie.app */,
				B4CE7A9B2A3FF89400B2E5FD /* WathcListMovieTests.xctest */,
				B4CE7AA52A3FF89400B2E5FD /* WathcListMovieUITests.xctest */,
			);
			name = Products;
			sourceTree = "<group>";
		};
		B4CE7A8D2A3FF89300B2E5FD /* WathcListMovie */ = {
			isa = PBXGroup;
			children = (
				B4CE7ACC2A421F9800B2E5FD /* Custom Components */,
				B4CE7ACB2A421F8E00B2E5FD /* Enums */,
				B4CE7ACE2A421FAA00B2E5FD /* Extensions */,
				B4CE7ACD2A421FA400B2E5FD /* Models */,
				B4CE7AC82A41551700B2E5FD /* Scenes */,
				B4CE7A8E2A3FF89300B2E5FD /* WathcListMovieApp.swift */,
				B4CE7A922A3FF89400B2E5FD /* Assets.xcassets */,
				B4CE7A942A3FF89400B2E5FD /* Preview Content */,
			);
			path = WathcListMovie;
			sourceTree = "<group>";
		};
		B4CE7A942A3FF89400B2E5FD /* Preview Content */ = {
			isa = PBXGroup;
			children = (
				B4CE7A952A3FF89400B2E5FD /* Preview Assets.xcassets */,
			);
			path = "Preview Content";
			sourceTree = "<group>";
		};
		B4CE7A9E2A3FF89400B2E5FD /* WathcListMovieTests */ = {
			isa = PBXGroup;
			children = (
				B4CE7A9F2A3FF89400B2E5FD /* WathcListMovieTests.swift */,
			);
			path = WathcListMovieTests;
			sourceTree = "<group>";
		};
		B4CE7AA82A3FF89400B2E5FD /* WathcListMovieUITests */ = {
			isa = PBXGroup;
			children = (
				B4CE7AA92A3FF89400B2E5FD /* WathcListMovieUITests.swift */,
				B4CE7AAB2A3FF89400B2E5FD /* WathcListMovieUITestsLaunchTests.swift */,
			);
			path = WathcListMovieUITests;
			sourceTree = "<group>";
		};
		B4CE7AC82A41551700B2E5FD /* Scenes */ = {
			isa = PBXGroup;
			children = (
				B4CE7AC92A41551F00B2E5FD /* List */,
			);
			path = Scenes;
			sourceTree = "<group>";
		};
		B4CE7AC92A41551F00B2E5FD /* List */ = {
			isa = PBXGroup;
			children = (
				B4CE7ACA2A41552D00B2E5FD /* Detail */,
				B4CE7A902A3FF89300B2E5FD /* MovieListView.swift */,
				B4CE7AB82A3FFBC700B2E5FD /* MovieListViewModel.swift */,
			);
			path = List;
			sourceTree = "<group>";
		};
		B4CE7ACA2A41552D00B2E5FD /* Detail */ = {
			isa = PBXGroup;
			children = (
				B4CE7AC22A41476100B2E5FD /* MovieDetailView.swift */,
				B4CE7AC62A41551100B2E5FD /* MovieDetailViewModel.swift */,
			);
			path = Detail;
			sourceTree = "<group>";
		};
		B4CE7ACB2A421F8E00B2E5FD /* Enums */ = {
			isa = PBXGroup;
			children = (
				B4CE7AC02A400B1800B2E5FD /* SortType.swift */,
			);
			path = Enums;
			sourceTree = "<group>";
		};
		B4CE7ACC2A421F9800B2E5FD /* Custom Components */ = {
			isa = PBXGroup;
			children = (
				B4CE7ABE2A40036900B2E5FD /* MovieCell.swift */,
			);
			path = "Custom Components";
			sourceTree = "<group>";
		};
		B4CE7ACD2A421FA400B2E5FD /* Models */ = {
			isa = PBXGroup;
			children = (
				B4CE7ABA2A3FFC1300B2E5FD /* Movie.swift */,
			);
			path = Models;
			sourceTree = "<group>";
		};
		B4CE7ACE2A421FAA00B2E5FD /* Extensions */ = {
			isa = PBXGroup;
			children = (
				B4CE7ABC2A3FFD2000B2E5FD /* Date+Extensions.swift */,
				B4CE7AC42A414E7D00B2E5FD /* Double+Extensions.swift */,
			);
			path = Extensions;
			sourceTree = "<group>";
		};
/* End PBXGroup section */

/* Begin PBXNativeTarget section */
		B4CE7A8A2A3FF89300B2E5FD /* WathcListMovie */ = {
			isa = PBXNativeTarget;
			buildConfigurationList = B4CE7AAF2A3FF89400B2E5FD /* Build configuration list for PBXNativeTarget "WathcListMovie" */;
			buildPhases = (
				B4CE7A872A3FF89300B2E5FD /* Sources */,
				B4CE7A882A3FF89300B2E5FD /* Frameworks */,
				B4CE7A892A3FF89300B2E5FD /* Resources */,
			);
			buildRules = (
			);
			dependencies = (
			);
			name = WathcListMovie;
			productName = WathcListMovie;
			productReference = B4CE7A8B2A3FF89300B2E5FD /* WathcListMovie.app */;
			productType = "com.apple.product-type.application";
		};
		B4CE7A9A2A3FF89400B2E5FD /* WathcListMovieTests */ = {
			isa = PBXNativeTarget;
			buildConfigurationList = B4CE7AB22A3FF89400B2E5FD /* Build configuration list for PBXNativeTarget "WathcListMovieTests" */;
			buildPhases = (
				B4CE7A972A3FF89400B2E5FD /* Sources */,
				B4CE7A982A3FF89400B2E5FD /* Frameworks */,
				B4CE7A992A3FF89400B2E5FD /* Resources */,
			);
			buildRules = (
			);
			dependencies = (
				B4CE7A9D2A3FF89400B2E5FD /* PBXTargetDependency */,
			);
			name = WathcListMovieTests;
			productName = WathcListMovieTests;
			productReference = B4CE7A9B2A3FF89400B2E5FD /* WathcListMovieTests.xctest */;
			productType = "com.apple.product-type.bundle.unit-test";
		};
		B4CE7AA42A3FF89400B2E5FD /* WathcListMovieUITests */ = {
			isa = PBXNativeTarget;
			buildConfigurationList = B4CE7AB52A3FF89400B2E5FD /* Build configuration list for PBXNativeTarget "WathcListMovieUITests" */;
			buildPhases = (
				B4CE7AA12A3FF89400B2E5FD /* Sources */,
				B4CE7AA22A3FF89400B2E5FD /* Frameworks */,
				B4CE7AA32A3FF89400B2E5FD /* Resources */,
			);
			buildRules = (
			);
			dependencies = (
				B4CE7AA72A3FF89400B2E5FD /* PBXTargetDependency */,
			);
			name = WathcListMovieUITests;
			productName = WathcListMovieUITests;
			productReference = B4CE7AA52A3FF89400B2E5FD /* WathcListMovieUITests.xctest */;
			productType = "com.apple.product-type.bundle.ui-testing";
		};
/* End PBXNativeTarget section */

/* Begin PBXProject section */
		B4CE7A832A3FF89300B2E5FD /* Project object */ = {
			isa = PBXProject;
			attributes = {
				BuildIndependentTargetsInParallel = 1;
				LastSwiftUpdateCheck = 1420;
				LastUpgradeCheck = 1420;
				TargetAttributes = {
					B4CE7A8A2A3FF89300B2E5FD = {
						CreatedOnToolsVersion = 14.2;
					};
					B4CE7A9A2A3FF89400B2E5FD = {
						CreatedOnToolsVersion = 14.2;
						TestTargetID = B4CE7A8A2A3FF89300B2E5FD;
					};
					B4CE7AA42A3FF89400B2E5FD = {
						CreatedOnToolsVersion = 14.2;
						TestTargetID = B4CE7A8A2A3FF89300B2E5FD;
					};
				};
			};
			buildConfigurationList = B4CE7A862A3FF89300B2E5FD /* Build configuration list for PBXProject "WathcListMovie" */;
			compatibilityVersion = "Xcode 14.0";
			developmentRegion = en;
			hasScannedForEncodings = 0;
			knownRegions = (
				en,
				Base,
			);
			mainGroup = B4CE7A822A3FF89300B2E5FD;
			productRefGroup = B4CE7A8C2A3FF89300B2E5FD /* Products */;
			projectDirPath = "";
			projectRoot = "";
			targets = (
				B4CE7A8A2A3FF89300B2E5FD /* WathcListMovie */,
				B4CE7A9A2A3FF89400B2E5FD /* WathcListMovieTests */,
				B4CE7AA42A3FF89400B2E5FD /* WathcListMovieUITests */,
			);
		};
/* End PBXProject section */

/* Begin PBXResourcesBuildPhase section */
		B4CE7A892A3FF89300B2E5FD /* Resources */ = {
			isa = PBXResourcesBuildPhase;
			buildActionMask = 2147483647;
			files = (
				B4CE7A962A3FF89400B2E5FD /* Preview Assets.xcassets in Resources */,
				B4CE7A932A3FF89400B2E5FD /* Assets.xcassets in Resources */,
			);
			runOnlyForDeploymentPostprocessing = 0;
		};
		B4CE7A992A3FF89400B2E5FD /* Resources */ = {
			isa = PBXResourcesBuildPhase;
			buildActionMask = 2147483647;
			files = (
			);
			runOnlyForDeploymentPostprocessing = 0;
		};
		B4CE7AA32A3FF89400B2E5FD /* Resources */ = {
			isa = PBXResourcesBuildPhase;
			buildActionMask = 2147483647;
			files = (
			);
			runOnlyForDeploymentPostprocessing = 0;
		};
/* End PBXResourcesBuildPhase section */

/* Begin PBXSourcesBuildPhase section */
		B4CE7A872A3FF89300B2E5FD /* Sources */ = {
			isa = PBXSourcesBuildPhase;
			buildActionMask = 2147483647;
			files = (
				B4CE7A912A3FF89300B2E5FD /* MovieListView.swift in Sources */,
				B4CE7A8F2A3FF89300B2E5FD /* WathcListMovieApp.swift in Sources */,
				B4CE7ABF2A40036900B2E5FD /* MovieCell.swift in Sources */,
				B4CE7AC52A414E7D00B2E5FD /* Double+Extensions.swift in Sources */,
				B4CE7AC12A400B1800B2E5FD /* SortType.swift in Sources */,
				B4CE7ABB2A3FFC1300B2E5FD /* Movie.swift in Sources */,
				B4CE7AC72A41551100B2E5FD /* MovieDetailViewModel.swift in Sources */,
				B4CE7ABD2A3FFD2000B2E5FD /* Date+Extensions.swift in Sources */,
				B4CE7AC32A41476100B2E5FD /* MovieDetailView.swift in Sources */,
				B4CE7AB92A3FFBC700B2E5FD /* MovieListViewModel.swift in Sources */,
			);
			runOnlyForDeploymentPostprocessing = 0;
		};
		B4CE7A972A3FF89400B2E5FD /* Sources */ = {
			isa = PBXSourcesBuildPhase;
			buildActionMask = 2147483647;
			files = (
				B4CE7AA02A3FF89400B2E5FD /* WathcListMovieTests.swift in Sources */,
			);
			runOnlyForDeploymentPostprocessing = 0;
		};
		B4CE7AA12A3FF89400B2E5FD /* Sources */ = {
			isa = PBXSourcesBuildPhase;
			buildActionMask = 2147483647;
			files = (
				B4CE7AAA2A3FF89400B2E5FD /* WathcListMovieUITests.swift in Sources */,
				B4CE7AAC2A3FF89400B2E5FD /* WathcListMovieUITestsLaunchTests.swift in Sources */,
			);
			runOnlyForDeploymentPostprocessing = 0;
		};
/* End PBXSourcesBuildPhase section */

/* Begin PBXTargetDependency section */
		B4CE7A9D2A3FF89400B2E5FD /* PBXTargetDependency */ = {
			isa = PBXTargetDependency;
			target = B4CE7A8A2A3FF89300B2E5FD /* WathcListMovie */;
			targetProxy = B4CE7A9C2A3FF89400B2E5FD /* PBXContainerItemProxy */;
		};
		B4CE7AA72A3FF89400B2E5FD /* PBXTargetDependency */ = {
			isa = PBXTargetDependency;
			target = B4CE7A8A2A3FF89300B2E5FD /* WathcListMovie */;
			targetProxy = B4CE7AA62A3FF89400B2E5FD /* PBXContainerItemProxy */;
		};
/* End PBXTargetDependency section */

/* Begin XCBuildConfiguration section */
		B4CE7AAD2A3FF89400B2E5FD /* Debug */ = {
			isa = XCBuildConfiguration;
			buildSettings = {
				ALWAYS_SEARCH_USER_PATHS = NO;
				CLANG_ANALYZER_NONNULL = YES;
				CLANG_ANALYZER_NUMBER_OBJECT_CONVERSION = YES_AGGRESSIVE;
				CLANG_CXX_LANGUAGE_STANDARD = "gnu++20";
				CLANG_ENABLE_MODULES = YES;
				CLANG_ENABLE_OBJC_ARC = YES;
				CLANG_ENABLE_OBJC_WEAK = YES;
				CLANG_WARN_BLOCK_CAPTURE_AUTORELEASING = YES;
				CLANG_WARN_BOOL_CONVERSION = YES;
				CLANG_WARN_COMMA = YES;
				CLANG_WARN_CONSTANT_CONVERSION = YES;
				CLANG_WARN_DEPRECATED_OBJC_IMPLEMENTATIONS = YES;
				CLANG_WARN_DIRECT_OBJC_ISA_USAGE = YES_ERROR;
				CLANG_WARN_DOCUMENTATION_COMMENTS = YES;
				CLANG_WARN_EMPTY_BODY = YES;
				CLANG_WARN_ENUM_CONVERSION = YES;
				CLANG_WARN_INFINITE_RECURSION = YES;
				CLANG_WARN_INT_CONVERSION = YES;
				CLANG_WARN_NON_LITERAL_NULL_CONVERSION = YES;
				CLANG_WARN_OBJC_IMPLICIT_RETAIN_SELF = YES;
				CLANG_WARN_OBJC_LITERAL_CONVERSION = YES;
				CLANG_WARN_OBJC_ROOT_CLASS = YES_ERROR;
				CLANG_WARN_QUOTED_INCLUDE_IN_FRAMEWORK_HEADER = YES;
				CLANG_WARN_RANGE_LOOP_ANALYSIS = YES;
				CLANG_WARN_STRICT_PROTOTYPES = YES;
				CLANG_WARN_SUSPICIOUS_MOVE = YES;
				CLANG_WARN_UNGUARDED_AVAILABILITY = YES_AGGRESSIVE;
				CLANG_WARN_UNREACHABLE_CODE = YES;
				CLANG_WARN__DUPLICATE_METHOD_MATCH = YES;
				COPY_PHASE_STRIP = NO;
				DEBUG_INFORMATION_FORMAT = dwarf;
				ENABLE_STRICT_OBJC_MSGSEND = YES;
				ENABLE_TESTABILITY = YES;
				GCC_C_LANGUAGE_STANDARD = gnu11;
				GCC_DYNAMIC_NO_PIC = NO;
				GCC_NO_COMMON_BLOCKS = YES;
				GCC_OPTIMIZATION_LEVEL = 0;
				GCC_PREPROCESSOR_DEFINITIONS = (
					"DEBUG=1",
					"$(inherited)",
				);
				GCC_WARN_64_TO_32_BIT_CONVERSION = YES;
				GCC_WARN_ABOUT_RETURN_TYPE = YES_ERROR;
				GCC_WARN_UNDECLARED_SELECTOR = YES;
				GCC_WARN_UNINITIALIZED_AUTOS = YES_AGGRESSIVE;
				GCC_WARN_UNUSED_FUNCTION = YES;
				GCC_WARN_UNUSED_VARIABLE = YES;
				IPHONEOS_DEPLOYMENT_TARGET = 16.2;
				MTL_ENABLE_DEBUG_INFO = INCLUDE_SOURCE;
				MTL_FAST_MATH = YES;
				ONLY_ACTIVE_ARCH = YES;
				SDKROOT = iphoneos;
				SWIFT_ACTIVE_COMPILATION_CONDITIONS = DEBUG;
				SWIFT_OPTIMIZATION_LEVEL = "-Onone";
			};
			name = Debug;
		};
		B4CE7AAE2A3FF89400B2E5FD /* Release */ = {
			isa = XCBuildConfiguration;
			buildSettings = {
				ALWAYS_SEARCH_USER_PATHS = NO;
				CLANG_ANALYZER_NONNULL = YES;
				CLANG_ANALYZER_NUMBER_OBJECT_CONVERSION = YES_AGGRESSIVE;
				CLANG_CXX_LANGUAGE_STANDARD = "gnu++20";
				CLANG_ENABLE_MODULES = YES;
				CLANG_ENABLE_OBJC_ARC = YES;
				CLANG_ENABLE_OBJC_WEAK = YES;
				CLANG_WARN_BLOCK_CAPTURE_AUTORELEASING = YES;
				CLANG_WARN_BOOL_CONVERSION = YES;
				CLANG_WARN_COMMA = YES;
				CLANG_WARN_CONSTANT_CONVERSION = YES;
				CLANG_WARN_DEPRECATED_OBJC_IMPLEMENTATIONS = YES;
				CLANG_WARN_DIRECT_OBJC_ISA_USAGE = YES_ERROR;
				CLANG_WARN_DOCUMENTATION_COMMENTS = YES;
				CLANG_WARN_EMPTY_BODY = YES;
				CLANG_WARN_ENUM_CONVERSION = YES;
				CLANG_WARN_INFINITE_RECURSION = YES;
				CLANG_WARN_INT_CONVERSION = YES;
				CLANG_WARN_NON_LITERAL_NULL_CONVERSION = YES;
				CLANG_WARN_OBJC_IMPLICIT_RETAIN_SELF = YES;
				CLANG_WARN_OBJC_LITERAL_CONVERSION = YES;
				CLANG_WARN_OBJC_ROOT_CLASS = YES_ERROR;
				CLANG_WARN_QUOTED_INCLUDE_IN_FRAMEWORK_HEADER = YES;
				CLANG_WARN_RANGE_LOOP_ANALYSIS = YES;
				CLANG_WARN_STRICT_PROTOTYPES = YES;
				CLANG_WARN_SUSPICIOUS_MOVE = YES;
				CLANG_WARN_UNGUARDED_AVAILABILITY = YES_AGGRESSIVE;
				CLANG_WARN_UNREACHABLE_CODE = YES;
				CLANG_WARN__DUPLICATE_METHOD_MATCH = YES;
				COPY_PHASE_STRIP = NO;
				DEBUG_INFORMATION_FORMAT = "dwarf-with-dsym";
				ENABLE_NS_ASSERTIONS = NO;
				ENABLE_STRICT_OBJC_MSGSEND = YES;
				GCC_C_LANGUAGE_STANDARD = gnu11;
				GCC_NO_COMMON_BLOCKS = YES;
				GCC_WARN_64_TO_32_BIT_CONVERSION = YES;
				GCC_WARN_ABOUT_RETURN_TYPE = YES_ERROR;
				GCC_WARN_UNDECLARED_SELECTOR = YES;
				GCC_WARN_UNINITIALIZED_AUTOS = YES_AGGRESSIVE;
				GCC_WARN_UNUSED_FUNCTION = YES;
				GCC_WARN_UNUSED_VARIABLE = YES;
				IPHONEOS_DEPLOYMENT_TARGET = 16.2;
				MTL_ENABLE_DEBUG_INFO = NO;
				MTL_FAST_MATH = YES;
				SDKROOT = iphoneos;
				SWIFT_COMPILATION_MODE = wholemodule;
				SWIFT_OPTIMIZATION_LEVEL = "-O";
				VALIDATE_PRODUCT = YES;
			};
			name = Release;
		};
		B4CE7AB02A3FF89400B2E5FD /* Debug */ = {
			isa = XCBuildConfiguration;
			buildSettings = {
				ASSETCATALOG_COMPILER_APPICON_NAME = AppIcon;
				ASSETCATALOG_COMPILER_GLOBAL_ACCENT_COLOR_NAME = AccentColor;
				CODE_SIGN_STYLE = Automatic;
				CURRENT_PROJECT_VERSION = 1;
				DEVELOPMENT_ASSET_PATHS = "\"WathcListMovie/Preview Content\"";
				DEVELOPMENT_TEAM = 3795Q8DW5P;
				ENABLE_PREVIEWS = YES;
				GENERATE_INFOPLIST_FILE = YES;
				INFOPLIST_KEY_UIApplicationSceneManifest_Generation = YES;
				INFOPLIST_KEY_UIApplicationSupportsIndirectInputEvents = YES;
				INFOPLIST_KEY_UILaunchScreen_Generation = YES;
				INFOPLIST_KEY_UISupportedInterfaceOrientations_iPad = "UIInterfaceOrientationPortrait UIInterfaceOrientationPortraitUpsideDown UIInterfaceOrientationLandscapeLeft UIInterfaceOrientationLandscapeRight";
				INFOPLIST_KEY_UISupportedInterfaceOrientations_iPhone = "UIInterfaceOrientationPortrait UIInterfaceOrientationLandscapeLeft UIInterfaceOrientationLandscapeRight";
				LD_RUNPATH_SEARCH_PATHS = (
					"$(inherited)",
					"@executable_path/Frameworks",
				);
				MARKETING_VERSION = 1.0;
				PRODUCT_BUNDLE_IDENTIFIER = com.jaimejazarenoiii.WathcListMovie;
				PRODUCT_NAME = "$(TARGET_NAME)";
				SWIFT_EMIT_LOC_STRINGS = YES;
				SWIFT_VERSION = 5.0;
				TARGETED_DEVICE_FAMILY = "1,2";
			};
			name = Debug;
		};
		B4CE7AB12A3FF89400B2E5FD /* Release */ = {
			isa = XCBuildConfiguration;
			buildSettings = {
				ASSETCATALOG_COMPILER_APPICON_NAME = AppIcon;
				ASSETCATALOG_COMPILER_GLOBAL_ACCENT_COLOR_NAME = AccentColor;
				CODE_SIGN_STYLE = Automatic;
				CURRENT_PROJECT_VERSION = 1;
				DEVELOPMENT_ASSET_PATHS = "\"WathcListMovie/Preview Content\"";
				DEVELOPMENT_TEAM = 3795Q8DW5P;
				ENABLE_PREVIEWS = YES;
				GENERATE_INFOPLIST_FILE = YES;
				INFOPLIST_KEY_UIApplicationSceneManifest_Generation = YES;
				INFOPLIST_KEY_UIApplicationSupportsIndirectInputEvents = YES;
				INFOPLIST_KEY_UILaunchScreen_Generation = YES;
				INFOPLIST_KEY_UISupportedInterfaceOrientations_iPad = "UIInterfaceOrientationPortrait UIInterfaceOrientationPortraitUpsideDown UIInterfaceOrientationLandscapeLeft UIInterfaceOrientationLandscapeRight";
				INFOPLIST_KEY_UISupportedInterfaceOrientations_iPhone = "UIInterfaceOrientationPortrait UIInterfaceOrientationLandscapeLeft UIInterfaceOrientationLandscapeRight";
				LD_RUNPATH_SEARCH_PATHS = (
					"$(inherited)",
					"@executable_path/Frameworks",
				);
				MARKETING_VERSION = 1.0;
				PRODUCT_BUNDLE_IDENTIFIER = com.jaimejazarenoiii.WathcListMovie;
				PRODUCT_NAME = "$(TARGET_NAME)";
				SWIFT_EMIT_LOC_STRINGS = YES;
				SWIFT_VERSION = 5.0;
				TARGETED_DEVICE_FAMILY = "1,2";
			};
			name = Release;
		};
		B4CE7AB32A3FF89400B2E5FD /* Debug */ = {
			isa = XCBuildConfiguration;
			buildSettings = {
				ALWAYS_EMBED_SWIFT_STANDARD_LIBRARIES = YES;
				BUNDLE_LOADER = "$(TEST_HOST)";
				CODE_SIGN_STYLE = Automatic;
				CURRENT_PROJECT_VERSION = 1;
				DEVELOPMENT_TEAM = 3795Q8DW5P;
				GENERATE_INFOPLIST_FILE = YES;
				IPHONEOS_DEPLOYMENT_TARGET = 16.2;
				MARKETING_VERSION = 1.0;
				PRODUCT_BUNDLE_IDENTIFIER = com.jaimejazarenoiii.WathcListMovieTests;
				PRODUCT_NAME = "$(TARGET_NAME)";
				SWIFT_EMIT_LOC_STRINGS = NO;
				SWIFT_VERSION = 5.0;
				TARGETED_DEVICE_FAMILY = "1,2";
				TEST_HOST = "$(BUILT_PRODUCTS_DIR)/WathcListMovie.app/$(BUNDLE_EXECUTABLE_FOLDER_PATH)/WathcListMovie";
			};
			name = Debug;
		};
		B4CE7AB42A3FF89400B2E5FD /* Release */ = {
			isa = XCBuildConfiguration;
			buildSettings = {
				ALWAYS_EMBED_SWIFT_STANDARD_LIBRARIES = YES;
				BUNDLE_LOADER = "$(TEST_HOST)";
				CODE_SIGN_STYLE = Automatic;
				CURRENT_PROJECT_VERSION = 1;
				DEVELOPMENT_TEAM = 3795Q8DW5P;
				GENERATE_INFOPLIST_FILE = YES;
				IPHONEOS_DEPLOYMENT_TARGET = 16.2;
				MARKETING_VERSION = 1.0;
				PRODUCT_BUNDLE_IDENTIFIER = com.jaimejazarenoiii.WathcListMovieTests;
				PRODUCT_NAME = "$(TARGET_NAME)";
				SWIFT_EMIT_LOC_STRINGS = NO;
				SWIFT_VERSION = 5.0;
				TARGETED_DEVICE_FAMILY = "1,2";
				TEST_HOST = "$(BUILT_PRODUCTS_DIR)/WathcListMovie.app/$(BUNDLE_EXECUTABLE_FOLDER_PATH)/WathcListMovie";
			};
			name = Release;
		};
		B4CE7AB62A3FF89400B2E5FD /* Debug */ = {
			isa = XCBuildConfiguration;
			buildSettings = {
				ALWAYS_EMBED_SWIFT_STANDARD_LIBRARIES = YES;
				CODE_SIGN_STYLE = Automatic;
				CURRENT_PROJECT_VERSION = 1;
				DEVELOPMENT_TEAM = 3795Q8DW5P;
				GENERATE_INFOPLIST_FILE = YES;
				MARKETING_VERSION = 1.0;
				PRODUCT_BUNDLE_IDENTIFIER = com.jaimejazarenoiii.WathcListMovieUITests;
				PRODUCT_NAME = "$(TARGET_NAME)";
				SWIFT_EMIT_LOC_STRINGS = NO;
				SWIFT_VERSION = 5.0;
				TARGETED_DEVICE_FAMILY = "1,2";
				TEST_TARGET_NAME = WathcListMovie;
			};
			name = Debug;
		};
		B4CE7AB72A3FF89400B2E5FD /* Release */ = {
			isa = XCBuildConfiguration;
			buildSettings = {
				ALWAYS_EMBED_SWIFT_STANDARD_LIBRARIES = YES;
				CODE_SIGN_STYLE = Automatic;
				CURRENT_PROJECT_VERSION = 1;
				DEVELOPMENT_TEAM = 3795Q8DW5P;
				GENERATE_INFOPLIST_FILE = YES;
				MARKETING_VERSION = 1.0;
				PRODUCT_BUNDLE_IDENTIFIER = com.jaimejazarenoiii.WathcListMovieUITests;
				PRODUCT_NAME = "$(TARGET_NAME)";
				SWIFT_EMIT_LOC_STRINGS = NO;
				SWIFT_VERSION = 5.0;
				TARGETED_DEVICE_FAMILY = "1,2";
				TEST_TARGET_NAME = WathcListMovie;
			};
			name = Release;
		};
/* End XCBuildConfiguration section */

/* Begin XCConfigurationList section */
		B4CE7A862A3FF89300B2E5FD /* Build configuration list for PBXProject "WathcListMovie" */ = {
			isa = XCConfigurationList;
			buildConfigurations = (
				B4CE7AAD2A3FF89400B2E5FD /* Debug */,
				B4CE7AAE2A3FF89400B2E5FD /* Release */,
			);
			defaultConfigurationIsVisible = 0;
			defaultConfigurationName = Release;
		};
		B4CE7AAF2A3FF89400B2E5FD /* Build configuration list for PBXNativeTarget "WathcListMovie" */ = {
			isa = XCConfigurationList;
			buildConfigurations = (
				B4CE7AB02A3FF89400B2E5FD /* Debug */,
				B4CE7AB12A3FF89400B2E5FD /* Release */,
			);
			defaultConfigurationIsVisible = 0;
			defaultConfigurationName = Release;
		};
		B4CE7AB22A3FF89400B2E5FD /* Build configuration list for PBXNativeTarget "WathcListMovieTests" */ = {
			isa = XCConfigurationList;
			buildConfigurations = (
				B4CE7AB32A3FF89400B2E5FD /* Debug */,
				B4CE7AB42A3FF89400B2E5FD /* Release */,
			);
			defaultConfigurationIsVisible = 0;
			defaultConfigurationName = Release;
		};
		B4CE7AB52A3FF89400B2E5FD /* Build configuration list for PBXNativeTarget "WathcListMovieUITests" */ = {
			isa = XCConfigurationList;
			buildConfigurations = (
				B4CE7AB62A3FF89400B2E5FD /* Debug */,
				B4CE7AB72A3FF89400B2E5FD /* Release */,
			);
			defaultConfigurationIsVisible = 0;
			defaultConfigurationName = Release;
		};
/* End XCConfigurationList section */
	};
	rootObject = B4CE7A832A3FF89300B2E5FD /* Project object */;
}
